
Microsoft Visual Studio Solution File, Format Version 12.00
# Visual Studio 15
VisualStudioVersion = 15.0.26124.0
MinimumVisualStudioVersion = 15.0.26124.0
Project("{2150E333-8FDC-42A3-9474-1A3956D46DE8}") = "src", "src", "{293CEA4D-FB5B-49D9-B903-9BD8792AC127}"
EndProject
Project("{2150E333-8FDC-42A3-9474-1A3956D46DE8}") = "main", "main", "{8820E160-7AE5-432B-B91C-4CE25B48B2CF}"
EndProject
Project("{2150E333-8FDC-42A3-9474-1A3956D46DE8}") = "csharp", "csharp", "{4E8A3F52-AE4E-4607-A685-46E80ADCF640}"
EndProject
Project("{2150E333-8FDC-42A3-9474-1A3956D46DE8}") = "datalake", "datalake", "{67B0EB6B-B498-4194-9664-9074E78A5E02}"
EndProject
Project("{FAE04EC0-301F-11D3-BF4B-00C04F79EFBC}") = "daemon", "src\main\csharp\datalake\daemon\daemon.csproj", "{87035797-E095-413C-80D5-B68C51224A78}"
EndProject
Project("{FAE04EC0-301F-11D3-BF4B-00C04F79EFBC}") = "kinesis", "src\main\csharp\datalake\kinesisClient\kinesis.csproj", "{414AA730-4561-498C-8021-1FBC6B513CF1}"
EndProject
Project("{FAE04EC0-301F-11D3-BF4B-00C04F79EFBC}") = "LambdaFirehose", "src\main\csharp\datalake\lambdaFirehose\LambdaFirehose.csproj", "{353693A5-150F-4B50-8DF0-8DBC6170B4F8}"
EndProject
Project("{FAE04EC0-301F-11D3-BF4B-00C04F79EFBC}") = "schema", "src\main\csharp\datalake\schema\schema.csproj", "{680C97C7-34F5-4A34-B2CD-2A9302959ED8}"
EndProject
Global
	GlobalSection(SolutionConfigurationPlatforms) = preSolution
		Debug|Any CPU = Debug|Any CPU
		Debug|x64 = Debug|x64
		Debug|x86 = Debug|x86
		Release|Any CPU = Release|Any CPU
		Release|x64 = Release|x64
		Release|x86 = Release|x86
	EndGlobalSection
	GlobalSection(SolutionProperties) = preSolution
		HideSolutionNode = FALSE
	EndGlobalSection
	GlobalSection(ProjectConfigurationPlatforms) = postSolution
		{87035797-E095-413C-80D5-B68C51224A78}.Debug|Any CPU.ActiveCfg = Debug|Any CPU
		{87035797-E095-413C-80D5-B68C51224A78}.Debug|Any CPU.Build.0 = Debug|Any CPU
		{87035797-E095-413C-80D5-B68C51224A78}.Debug|x64.ActiveCfg = Debug|Any CPU
		{87035797-E095-413C-80D5-B68C51224A78}.Debug|x64.Build.0 = Debug|Any CPU
		{87035797-E095-413C-80D5-B68C51224A78}.Debug|x86.ActiveCfg = Debug|Any CPU
		{87035797-E095-413C-80D5-B68C51224A78}.Debug|x86.Build.0 = Debug|Any CPU
		{87035797-E095-413C-80D5-B68C51224A78}.Release|Any CPU.ActiveCfg = Release|Any CPU
		{87035797-E095-413C-80D5-B68C51224A78}.Release|Any CPU.Build.0 = Release|Any CPU
		{87035797-E095-413C-80D5-B68C51224A78}.Release|x64.ActiveCfg = Release|Any CPU
		{87035797-E095-413C-80D5-B68C51224A78}.Release|x64.Build.0 = Release|Any CPU
		{87035797-E095-413C-80D5-B68C51224A78}.Release|x86.ActiveCfg = Release|Any CPU
		{87035797-E095-413C-80D5-B68C51224A78}.Release|x86.Build.0 = Release|Any CPU
		{414AA730-4561-498C-8021-1FBC6B513CF1}.Debug|Any CPU.ActiveCfg = Debug|Any CPU
		{414AA730-4561-498C-8021-1FBC6B513CF1}.Debug|Any CPU.Build.0 = Debug|Any CPU
		{414AA730-4561-498C-8021-1FBC6B513CF1}.Debug|x64.ActiveCfg = Debug|Any CPU
		{414AA730-4561-498C-8021-1FBC6B513CF1}.Debug|x64.Build.0 = Debug|Any CPU
		{414AA730-4561-498C-8021-1FBC6B513CF1}.Debug|x86.ActiveCfg = Debug|Any CPU
		{414AA730-4561-498C-8021-1FBC6B513CF1}.Debug|x86.Build.0 = Debug|Any CPU
		{414AA730-4561-498C-8021-1FBC6B513CF1}.Release|Any CPU.ActiveCfg = Release|Any CPU
		{414AA730-4561-498C-8021-1FBC6B513CF1}.Release|Any CPU.Build.0 = Release|Any CPU
		{414AA730-4561-498C-8021-1FBC6B513CF1}.Release|x64.ActiveCfg = Release|Any CPU
		{414AA730-4561-498C-8021-1FBC6B513CF1}.Release|x64.Build.0 = Release|Any CPU
		{414AA730-4561-498C-8021-1FBC6B513CF1}.Release|x86.ActiveCfg = Release|Any CPU
		{414AA730-4561-498C-8021-1FBC6B513CF1}.Release|x86.Build.0 = Release|Any CPU
		{353693A5-150F-4B50-8DF0-8DBC6170B4F8}.Debug|Any CPU.ActiveCfg = Debug|Any CPU
		{353693A5-150F-4B50-8DF0-8DBC6170B4F8}.Debug|Any CPU.Build.0 = Debug|Any CPU
		{353693A5-150F-4B50-8DF0-8DBC6170B4F8}.Debug|x64.ActiveCfg = Debug|Any CPU
		{353693A5-150F-4B50-8DF0-8DBC6170B4F8}.Debug|x64.Build.0 = Debug|Any CPU
		{353693A5-150F-4B50-8DF0-8DBC6170B4F8}.Debug|x86.ActiveCfg = Debug|Any CPU
		{353693A5-150F-4B50-8DF0-8DBC6170B4F8}.Debug|x86.Build.0 = Debug|Any CPU
		{353693A5-150F-4B50-8DF0-8DBC6170B4F8}.Release|Any CPU.ActiveCfg = Release|Any CPU
		{353693A5-150F-4B50-8DF0-8DBC6170B4F8}.Release|Any CPU.Build.0 = Release|Any CPU
		{353693A5-150F-4B50-8DF0-8DBC6170B4F8}.Release|x64.ActiveCfg = Release|Any CPU
		{353693A5-150F-4B50-8DF0-8DBC6170B4F8}.Release|x64.Build.0 = Release|Any CPU
		{353693A5-150F-4B50-8DF0-8DBC6170B4F8}.Release|x86.ActiveCfg = Release|Any CPU
		{353693A5-150F-4B50-8DF0-8DBC6170B4F8}.Release|x86.Build.0 = Release|Any CPU
		{680C97C7-34F5-4A34-B2CD-2A9302959ED8}.Debug|Any CPU.ActiveCfg = Debug|Any CPU
		{680C97C7-34F5-4A34-B2CD-2A9302959ED8}.Debug|Any CPU.Build.0 = Debug|Any CPU
		{680C97C7-34F5-4A34-B2CD-2A9302959ED8}.Debug|x64.ActiveCfg = Debug|Any CPU
		{680C97C7-34F5-4A34-B2CD-2A9302959ED8}.Debug|x64.Build.0 = Debug|Any CPU
		{680C97C7-34F5-4A34-B2CD-2A9302959ED8}.Debug|x86.ActiveCfg = Debug|Any CPU
		{680C97C7-34F5-4A34-B2CD-2A9302959ED8}.Debug|x86.Build.0 = Debug|Any CPU
		{680C97C7-34F5-4A34-B2CD-2A9302959ED8}.Release|Any CPU.ActiveCfg = Release|Any CPU
		{680C97C7-34F5-4A34-B2CD-2A9302959ED8}.Release|Any CPU.Build.0 = Release|Any CPU
		{680C97C7-34F5-4A34-B2CD-2A9302959ED8}.Release|x64.ActiveCfg = Release|Any CPU
		{680C97C7-34F5-4A34-B2CD-2A9302959ED8}.Release|x64.Build.0 = Release|Any CPU
		{680C97C7-34F5-4A34-B2CD-2A9302959ED8}.Release|x86.ActiveCfg = Release|Any CPU
		{680C97C7-34F5-4A34-B2CD-2A9302959ED8}.Release|x86.Build.0 = Release|Any CPU
	EndGlobalSection
	GlobalSection(NestedProjects) = preSolution
		{8820E160-7AE5-432B-B91C-4CE25B48B2CF} = {293CEA4D-FB5B-49D9-B903-9BD8792AC127}
		{4E8A3F52-AE4E-4607-A685-46E80ADCF640} = {8820E160-7AE5-432B-B91C-4CE25B48B2CF}
		{67B0EB6B-B498-4194-9664-9074E78A5E02} = {4E8A3F52-AE4E-4607-A685-46E80ADCF640}
		{87035797-E095-413C-80D5-B68C51224A78} = {67B0EB6B-B498-4194-9664-9074E78A5E02}
		{414AA730-4561-498C-8021-1FBC6B513CF1} = {67B0EB6B-B498-4194-9664-9074E78A5E02}
		{353693A5-150F-4B50-8DF0-8DBC6170B4F8} = {67B0EB6B-B498-4194-9664-9074E78A5E02}
		{680C97C7-34F5-4A34-B2CD-2A9302959ED8} = {67B0EB6B-B498-4194-9664-9074E78A5E02}
	EndGlobalSection
EndGlobal
