# THIS IS AN AUTOGENERATED FILE. DO NOT EDIT THIS FILE DIRECTLY.
# yarn lockfile v1


"@types/aws-lambda@^8.10.17":
  version "8.10.17"
  resolved "https://registry.yarnpkg.com/@types/aws-lambda/-/aws-lambda-8.10.17.tgz#bbe458225bab095c3e313115182f31f072474940"
  integrity sha512-KV/9fMAvv5428/v4+AP4nDOfSB4sJIBOGgBtv5YbuQVaAEapL1/Bc8IyACZ48Q3hYukVFjzAdVFq94zTxyd5Yw==

"@types/google-protobuf@^3.2.7":
  version "3.2.7"
  resolved "https://registry.yarnpkg.com/@types/google-protobuf/-/google-protobuf-3.2.7.tgz#9576ed5dd62cdb1c9f952522028a03b7cb2b69b5"
  integrity sha512-Pb9wl5qDEwfnJeeu6Zpn5Y+waLrKETStqLZXHMGCTbkNuBBudPy4qOGN6veamyeoUBwTm2knOVeP/FlHHhhmzA==

"@types/node@8.10.39":
  version "8.10.39"
  resolved "https://registry.yarnpkg.com/@types/node/-/node-8.10.39.tgz#e7e87ad00364dd7bc485c940926345b8ec1a26ca"
  integrity sha512-rE7fktr02J8ybFf6eysife+WF+L4sAHWzw09DgdCebEu+qDwMvv4zl6Bc+825ttGZP73kCKxa3dhJOoGJ8+5mA==

ts-protoc-gen@^0.9.0:
  version "0.9.0"
  resolved "https://registry.yarnpkg.com/ts-protoc-gen/-/ts-protoc-gen-0.9.0.tgz#3910a67dc4445acf4bc3c6f7f67709619e987a6e"
  integrity sha512-cFEUTY9U9o6C4DPPfMHk2ZUdIAKL91hZN1fyx5Stz3g56BDVOC7hk+r5fEMCAGaaIgi2akkT1a2hrxu1wo2Phg==
